github.com/Kunde21/markdownfmt/v3 v3.1.0 h1:KiZu9LKs+wFFBQKhrZJrFZwtLnCCWJahL+S+E/3VnM0=
github.com/Kunde21/markdownfmt/v3 v3.1.0/go.mod h1:tPXN1RTyOzJwhfHoon9wUr4HGYmWgVxSQN6VBJDkrVc=
github.com/mattn/go-runewidth v0.0.9 h1:Lm995f3rfxdpd6TSmuVCHVb/QhupuXlYr8sCI/QdE+0=
github.com/mattn/go-runewidth v0.0.9/go.mod h1:H031xJmbD/WCDINGzjvQ9THkh0rPKHF+m2gUSrubnMI=
github.com/yuin/goldmark v1.7.4 h1:BDXOHExt+A7gwPCJgPIIq7ENvceR7we7rOS9TNoLZeg=
github.com/yuin/goldmark v1.7.4/go.mod h1:uzxRWxtg69N339t3louHJ7+O03ezfj6PlliRlaOzY1E=
